
Microsoft Visual Studio Solution File, Format Version 12.00
# Visual Studio Version 17
VisualStudioVersion = 17.1.32210.238
MinimumVisualStudioVersion = 10.0.40219.1
Project("{9A19103F-16F7-4668-BE54-9A1E7A4F7556}") = "Web", "Web\Web.csproj", "{A7B0F294-7FFA-40EC-AADF-F8B7FE74B555}"
EndProject
Project("{9A19103F-16F7-4668-BE54-9A1E7A4F7556}") = "Domain", "Domain\Domain.csproj", "{F535EF75-23A8-4701-8DF6-3F49B1053582}"
EndProject
Project("{9A19103F-16F7-4668-BE54-9A1E7A4F7556}") = "Persistence", "Persistence\Persistence.csproj", "{C527E9E8-4202-40E7-9C5D-92FA370A28E1}"
EndProject
Project("{9A19103F-16F7-4668-BE54-9A1E7A4F7556}") = "Commands", "Commands\Commands.csproj", "{44BD901E-F490-4BA6-97C6-B9D41B6DCA08}"
EndProject
Project("{9A19103F-16F7-4668-BE54-9A1E7A4F7556}") = "Types", "Types\Types.csproj", "{0E2881F2-F51B-4571-97CD-D9EAD1E40B89}"
EndProject
Project("{9A19103F-16F7-4668-BE54-9A1E7A4F7556}") = "Commands.Test", "Commands.Test\Commands.Test.csproj", "{5CBA435F-E801-4D11-A293-4D319F156415}"
EndProject
Project("{9A19103F-16F7-4668-BE54-9A1E7A4F7556}") = "Web.Test", "Web.Test\Web.Test.csproj", "{1E1C8DA0-40F7-4B04-9157-A3C0D9902BBB}"
EndProject
Project("{9A19103F-16F7-4668-BE54-9A1E7A4F7556}") = "Queries", "Queries\Queries.csproj", "{B6214124-76F3-47A8-A753-F60057F59CEB}"
EndProject
Project("{9A19103F-16F7-4668-BE54-9A1E7A4F7556}") = "Queries.Test", "Queries.Test\Queries.Test.csproj", "{09963342-F8AA-405E-90C7-1B3F0F66D8DD}"
EndProject
Project("{2150E333-8FDC-42A3-9474-1A3956D46DE8}") = "Solution Items", "Solution Items", "{FF2A0D78-2030-4F77-9284-88A9F85327CA}"
	ProjectSection(SolutionItems) = preProject
		.editorconfig = .editorconfig
	EndProjectSection
EndProject
Global
	GlobalSection(SolutionConfigurationPlatforms) = preSolution
		Debug|Any CPU = Debug|Any CPU
		Debug|x64 = Debug|x64
		Debug|x86 = Debug|x86
		Release|Any CPU = Release|Any CPU
		Release|x64 = Release|x64
		Release|x86 = Release|x86
	EndGlobalSection
	GlobalSection(ProjectConfigurationPlatforms) = postSolution
		{A7B0F294-7FFA-40EC-AADF-F8B7FE74B555}.Debug|Any CPU.ActiveCfg = Debug|Any CPU
		{A7B0F294-7FFA-40EC-AADF-F8B7FE74B555}.Debug|Any CPU.Build.0 = Debug|Any CPU
		{A7B0F294-7FFA-40EC-AADF-F8B7FE74B555}.Debug|x64.ActiveCfg = Debug|Any CPU
		{A7B0F294-7FFA-40EC-AADF-F8B7FE74B555}.Debug|x64.Build.0 = Debug|Any CPU
		{A7B0F294-7FFA-40EC-AADF-F8B7FE74B555}.Debug|x86.ActiveCfg = Debug|Any CPU
		{A7B0F294-7FFA-40EC-AADF-F8B7FE74B555}.Debug|x86.Build.0 = Debug|Any CPU
		{A7B0F294-7FFA-40EC-AADF-F8B7FE74B555}.Release|Any CPU.ActiveCfg = Release|Any CPU
		{A7B0F294-7FFA-40EC-AADF-F8B7FE74B555}.Release|Any CPU.Build.0 = Release|Any CPU
		{A7B0F294-7FFA-40EC-AADF-F8B7FE74B555}.Release|x64.ActiveCfg = Release|Any CPU
		{A7B0F294-7FFA-40EC-AADF-F8B7FE74B555}.Release|x64.Build.0 = Release|Any CPU
		{A7B0F294-7FFA-40EC-AADF-F8B7FE74B555}.Release|x86.ActiveCfg = Release|Any CPU
		{A7B0F294-7FFA-40EC-AADF-F8B7FE74B555}.Release|x86.Build.0 = Release|Any CPU
		{F535EF75-23A8-4701-8DF6-3F49B1053582}.Debug|Any CPU.ActiveCfg = Debug|Any CPU
		{F535EF75-23A8-4701-8DF6-3F49B1053582}.Debug|Any CPU.Build.0 = Debug|Any CPU
		{F535EF75-23A8-4701-8DF6-3F49B1053582}.Debug|x64.ActiveCfg = Debug|Any CPU
		{F535EF75-23A8-4701-8DF6-3F49B1053582}.Debug|x64.Build.0 = Debug|Any CPU
		{F535EF75-23A8-4701-8DF6-3F49B1053582}.Debug|x86.ActiveCfg = Debug|Any CPU
		{F535EF75-23A8-4701-8DF6-3F49B1053582}.Debug|x86.Build.0 = Debug|Any CPU
		{F535EF75-23A8-4701-8DF6-3F49B1053582}.Release|Any CPU.ActiveCfg = Release|Any CPU
		{F535EF75-23A8-4701-8DF6-3F49B1053582}.Release|Any CPU.Build.0 = Release|Any CPU
		{F535EF75-23A8-4701-8DF6-3F49B1053582}.Release|x64.ActiveCfg = Release|Any CPU
		{F535EF75-23A8-4701-8DF6-3F49B1053582}.Release|x64.Build.0 = Release|Any CPU
		{F535EF75-23A8-4701-8DF6-3F49B1053582}.Release|x86.ActiveCfg = Release|Any CPU
		{F535EF75-23A8-4701-8DF6-3F49B1053582}.Release|x86.Build.0 = Release|Any CPU
		{C527E9E8-4202-40E7-9C5D-92FA370A28E1}.Debug|Any CPU.ActiveCfg = Debug|Any CPU
		{C527E9E8-4202-40E7-9C5D-92FA370A28E1}.Debug|Any CPU.Build.0 = Debug|Any CPU
		{C527E9E8-4202-40E7-9C5D-92FA370A28E1}.Debug|x64.ActiveCfg = Debug|Any CPU
		{C527E9E8-4202-40E7-9C5D-92FA370A28E1}.Debug|x64.Build.0 = Debug|Any CPU
		{C527E9E8-4202-40E7-9C5D-92FA370A28E1}.Debug|x86.ActiveCfg = Debug|Any CPU
		{C527E9E8-4202-40E7-9C5D-92FA370A28E1}.Debug|x86.Build.0 = Debug|Any CPU
		{C527E9E8-4202-40E7-9C5D-92FA370A28E1}.Release|Any CPU.ActiveCfg = Release|Any CPU
		{C527E9E8-4202-40E7-9C5D-92FA370A28E1}.Release|Any CPU.Build.0 = Release|Any CPU
		{C527E9E8-4202-40E7-9C5D-92FA370A28E1}.Release|x64.ActiveCfg = Release|Any CPU
		{C527E9E8-4202-40E7-9C5D-92FA370A28E1}.Release|x64.Build.0 = Release|Any CPU
		{C527E9E8-4202-40E7-9C5D-92FA370A28E1}.Release|x86.ActiveCfg = Release|Any CPU
		{C527E9E8-4202-40E7-9C5D-92FA370A28E1}.Release|x86.Build.0 = Release|Any CPU
		{44BD901E-F490-4BA6-97C6-B9D41B6DCA08}.Debug|Any CPU.ActiveCfg = Debug|Any CPU
		{44BD901E-F490-4BA6-97C6-B9D41B6DCA08}.Debug|Any CPU.Build.0 = Debug|Any CPU
		{44BD901E-F490-4BA6-97C6-B9D41B6DCA08}.Debug|x64.ActiveCfg = Debug|Any CPU
		{44BD901E-F490-4BA6-97C6-B9D41B6DCA08}.Debug|x64.Build.0 = Debug|Any CPU
		{44BD901E-F490-4BA6-97C6-B9D41B6DCA08}.Debug|x86.ActiveCfg = Debug|Any CPU
		{44BD901E-F490-4BA6-97C6-B9D41B6DCA08}.Debug|x86.Build.0 = Debug|Any CPU
		{44BD901E-F490-4BA6-97C6-B9D41B6DCA08}.Release|Any CPU.ActiveCfg = Release|Any CPU
		{44BD901E-F490-4BA6-97C6-B9D41B6DCA08}.Release|Any CPU.Build.0 = Release|Any CPU
		{44BD901E-F490-4BA6-97C6-B9D41B6DCA08}.Release|x64.ActiveCfg = Release|Any CPU
		{44BD901E-F490-4BA6-97C6-B9D41B6DCA08}.Release|x64.Build.0 = Release|Any CPU
		{44BD901E-F490-4BA6-97C6-B9D41B6DCA08}.Release|x86.ActiveCfg = Release|Any CPU
		{44BD901E-F490-4BA6-97C6-B9D41B6DCA08}.Release|x86.Build.0 = Release|Any CPU
		{0E2881F2-F51B-4571-97CD-D9EAD1E40B89}.Debug|Any CPU.ActiveCfg = Debug|Any CPU
		{0E2881F2-F51B-4571-97CD-D9EAD1E40B89}.Debug|Any CPU.Build.0 = Debug|Any CPU
		{0E2881F2-F51B-4571-97CD-D9EAD1E40B89}.Debug|x64.ActiveCfg = Debug|Any CPU
		{0E2881F2-F51B-4571-97CD-D9EAD1E40B89}.Debug|x64.Build.0 = Debug|Any CPU
		{0E2881F2-F51B-4571-97CD-D9EAD1E40B89}.Debug|x86.ActiveCfg = Debug|Any CPU
		{0E2881F2-F51B-4571-97CD-D9EAD1E40B89}.Debug|x86.Build.0 = Debug|Any CPU
		{0E2881F2-F51B-4571-97CD-D9EAD1E40B89}.Release|Any CPU.ActiveCfg = Release|Any CPU
		{0E2881F2-F51B-4571-97CD-D9EAD1E40B89}.Release|Any CPU.Build.0 = Release|Any CPU
		{0E2881F2-F51B-4571-97CD-D9EAD1E40B89}.Release|x64.ActiveCfg = Release|Any CPU
		{0E2881F2-F51B-4571-97CD-D9EAD1E40B89}.Release|x64.Build.0 = Release|Any CPU
		{0E2881F2-F51B-4571-97CD-D9EAD1E40B89}.Release|x86.ActiveCfg = Release|Any CPU
		{0E2881F2-F51B-4571-97CD-D9EAD1E40B89}.Release|x86.Build.0 = Release|Any CPU
		{5CBA435F-E801-4D11-A293-4D319F156415}.Debug|Any CPU.ActiveCfg = Debug|Any CPU
		{5CBA435F-E801-4D11-A293-4D319F156415}.Debug|Any CPU.Build.0 = Debug|Any CPU
		{5CBA435F-E801-4D11-A293-4D319F156415}.Debug|x64.ActiveCfg = Debug|Any CPU
		{5CBA435F-E801-4D11-A293-4D319F156415}.Debug|x64.Build.0 = Debug|Any CPU
		{5CBA435F-E801-4D11-A293-4D319F156415}.Debug|x86.ActiveCfg = Debug|Any CPU
		{5CBA435F-E801-4D11-A293-4D319F156415}.Debug|x86.Build.0 = Debug|Any CPU
		{5CBA435F-E801-4D11-A293-4D319F156415}.Release|Any CPU.ActiveCfg = Release|Any CPU
		{5CBA435F-E801-4D11-A293-4D319F156415}.Release|Any CPU.Build.0 = Release|Any CPU
		{5CBA435F-E801-4D11-A293-4D319F156415}.Release|x64.ActiveCfg = Release|Any CPU
		{5CBA435F-E801-4D11-A293-4D319F156415}.Release|x64.Build.0 = Release|Any CPU
		{5CBA435F-E801-4D11-A293-4D319F156415}.Release|x86.ActiveCfg = Release|Any CPU
		{5CBA435F-E801-4D11-A293-4D319F156415}.Release|x86.Build.0 = Release|Any CPU
		{1E1C8DA0-40F7-4B04-9157-A3C0D9902BBB}.Debug|Any CPU.ActiveCfg = Debug|Any CPU
		{1E1C8DA0-40F7-4B04-9157-A3C0D9902BBB}.Debug|Any CPU.Build.0 = Debug|Any CPU
		{1E1C8DA0-40F7-4B04-9157-A3C0D9902BBB}.Debug|x64.ActiveCfg = Debug|Any CPU
		{1E1C8DA0-40F7-4B04-9157-A3C0D9902BBB}.Debug|x64.Build.0 = Debug|Any CPU
		{1E1C8DA0-40F7-4B04-9157-A3C0D9902BBB}.Debug|x86.ActiveCfg = Debug|Any CPU
		{1E1C8DA0-40F7-4B04-9157-A3C0D9902BBB}.Debug|x86.Build.0 = Debug|Any CPU
		{1E1C8DA0-40F7-4B04-9157-A3C0D9902BBB}.Release|Any CPU.ActiveCfg = Release|Any CPU
		{1E1C8DA0-40F7-4B04-9157-A3C0D9902BBB}.Release|Any CPU.Build.0 = Release|Any CPU
		{1E1C8DA0-40F7-4B04-9157-A3C0D9902BBB}.Release|x64.ActiveCfg = Release|Any CPU
		{1E1C8DA0-40F7-4B04-9157-A3C0D9902BBB}.Release|x64.Build.0 = Release|Any CPU
		{1E1C8DA0-40F7-4B04-9157-A3C0D9902BBB}.Release|x86.ActiveCfg = Release|Any CPU
		{1E1C8DA0-40F7-4B04-9157-A3C0D9902BBB}.Release|x86.Build.0 = Release|Any CPU
		{B6214124-76F3-47A8-A753-F60057F59CEB}.Debug|Any CPU.ActiveCfg = Debug|Any CPU
		{B6214124-76F3-47A8-A753-F60057F59CEB}.Debug|Any CPU.Build.0 = Debug|Any CPU
		{B6214124-76F3-47A8-A753-F60057F59CEB}.Debug|x64.ActiveCfg = Debug|Any CPU
		{B6214124-76F3-47A8-A753-F60057F59CEB}.Debug|x64.Build.0 = Debug|Any CPU
		{B6214124-76F3-47A8-A753-F60057F59CEB}.Debug|x86.ActiveCfg = Debug|Any CPU
		{B6214124-76F3-47A8-A753-F60057F59CEB}.Debug|x86.Build.0 = Debug|Any CPU
		{B6214124-76F3-47A8-A753-F60057F59CEB}.Release|Any CPU.ActiveCfg = Release|Any CPU
		{B6214124-76F3-47A8-A753-F60057F59CEB}.Release|Any CPU.Build.0 = Release|Any CPU
		{B6214124-76F3-47A8-A753-F60057F59CEB}.Release|x64.ActiveCfg = Release|Any CPU
		{B6214124-76F3-47A8-A753-F60057F59CEB}.Release|x64.Build.0 = Release|Any CPU
		{B6214124-76F3-47A8-A753-F60057F59CEB}.Release|x86.ActiveCfg = Release|Any CPU
		{B6214124-76F3-47A8-A753-F60057F59CEB}.Release|x86.Build.0 = Release|Any CPU
		{09963342-F8AA-405E-90C7-1B3F0F66D8DD}.Debug|Any CPU.ActiveCfg = Debug|Any CPU
		{09963342-F8AA-405E-90C7-1B3F0F66D8DD}.Debug|Any CPU.Build.0 = Debug|Any CPU
		{09963342-F8AA-405E-90C7-1B3F0F66D8DD}.Debug|x64.ActiveCfg = Debug|Any CPU
		{09963342-F8AA-405E-90C7-1B3F0F66D8DD}.Debug|x64.Build.0 = Debug|Any CPU
		{09963342-F8AA-405E-90C7-1B3F0F66D8DD}.Debug|x86.ActiveCfg = Debug|Any CPU
		{09963342-F8AA-405E-90C7-1B3F0F66D8DD}.Debug|x86.Build.0 = Debug|Any CPU
		{09963342-F8AA-405E-90C7-1B3F0F66D8DD}.Release|Any CPU.ActiveCfg = Release|Any CPU
		{09963342-F8AA-405E-90C7-1B3F0F66D8DD}.Release|Any CPU.Build.0 = Release|Any CPU
		{09963342-F8AA-405E-90C7-1B3F0F66D8DD}.Release|x64.ActiveCfg = Release|Any CPU
		{09963342-F8AA-405E-90C7-1B3F0F66D8DD}.Release|x64.Build.0 = Release|Any CPU
		{09963342-F8AA-405E-90C7-1B3F0F66D8DD}.Release|x86.ActiveCfg = Release|Any CPU
		{09963342-F8AA-405E-90C7-1B3F0F66D8DD}.Release|x86.Build.0 = Release|Any CPU
	EndGlobalSection
	GlobalSection(SolutionProperties) = preSolution
		HideSolutionNode = FALSE
	EndGlobalSection
	GlobalSection(ExtensibilityGlobals) = postSolution
		SolutionGuid = {E8D735CE-9B93-4927-82F2-47216918B638}
	EndGlobalSection
EndGlobal
